# Generated and qualified on 2026-09-02 for osx-arm64.
@EXPLICIT
https://conda.anaconda.org/conda-forge/osx-arm64/_openmp_mutex-4.5-8_kmp_llvm.conda#c7c98ce74f6a7ff25aaa4706d06fa41d63a333add4d697b73aa4d8d2d7ad7651
https://conda.anaconda.org/conda-forge/noarch/adwaita-icon-theme-49.0-unix_0.conda#a362b4f5c96a0bf4def96be1a77317e2730af38915eb9bec85e2a92836501ed7
https://conda.anaconda.org/conda-forge/osx-arm64/aom-3.9.1-h7bae524_0.conda#ec238f18ce8140485645252351a0eca9ef4f7a1c568a420f240a585229bc12ef
https://conda.anaconda.org/conda-forge/osx-arm64/atk-1.0-2.38.0-hd03087b_2.conda#b0747f9b1bc03d1932b4d8c586f39a35ac97e7e72fe6e63f2b2a2472d466f3c1
https://conda.anaconda.org/conda-forge/noarch/audioread-3.1.0-pyhcf101f3_0.conda#8abd1b57180198cfe4e41f7787a21edb6d84721611da0c449fc9e175689e75b4
https://conda.anaconda.org/conda-forge/osx-arm64/backports.zstd-1.7.0-py311hdee5a0d_0.conda#540665da8bf583b6379c5cfcad5eaa9306eb386253569f5efdf9c74771c793a7
https://conda.anaconda.org/conda-forge/osx-arm64/baumwelch-0.3.9-h420ef59_2.conda#727bea24520fa10f4bd0fbf009f933d88fd455be6f0584de9595e9bc9f7b19c8
https://conda.anaconda.org/conda-forge/osx-arm64/biopython-1.79-py311he2be06e_3.tar.bz2#ceda18556b7b5a24042107ee1bd2186f05406d20cff21529c29e048e947b3089
https://conda.anaconda.org/conda-forge/osx-arm64/brotli-1.2.0-hf00d406_3.conda#7050e1b11876219bd0df375ef3d83fd00f94fb4e13c1ffb21dede0c506893079
https://conda.anaconda.org/conda-forge/osx-arm64/brotli-bin-1.2.0-he4a93e4_3.conda#1e92cea587c2eaab169e45dae01c149b9889a8249eda296b8b6db39aee708531
https://conda.anaconda.org/conda-forge/osx-arm64/brotli-python-1.2.0-py311h9fb86b2_3.conda#d37f43e4136bb25ac93b3c0c73ff5aec68f4a53217aaa506de186796d815fb5a
https://conda.anaconda.org/conda-forge/osx-arm64/bzip2-1.0.8-h4e30115_10.conda#8ec22f0ba25cbfc2e64d70cf29459eccd7ffdf6436f6a6ff15bbfef799f7d4f6
https://conda.anaconda.org/conda-forge/noarch/ca-certificates-2026.7.22-hbd8a1cb_0.conda#0a0544cf95f64394fe4959286f5c71f5444ad58feb0602e53becb27448d24da6
https://conda.anaconda.org/conda-forge/osx-arm64/cairo-1.18.4-h6a3b0d2_0.conda#00439d69bdd94eaf51656fdf479e0c853278439d22ae151cabf40eb17399d95f
https://conda.anaconda.org/conda-forge/noarch/certifi-2026.7.22-pyhd8ed1ab_0.conda#fb167de4388e64e52aa3907ed099afab944c1fa6e5f74b281a312dae1bcf7f3b
https://conda.anaconda.org/conda-forge/osx-arm64/cffi-2.1.1-py311h2e98d63_2.conda#62ea40c81bfae1f4cf9adacf7672e492b275857e66fb6c70cb15fc9c33d4bab9
https://conda.anaconda.org/conda-forge/noarch/charset-normalizer-3.5.1-pyhd8ed1ab_0.conda#cb60ef3e0631c8bacb4f7057196dee4496091a22baa3bb4b9bccb12c7e1c921b
https://conda.anaconda.org/conda-forge/noarch/click-8.4.2-pyhc90fa1f_0.conda#ccc4787f511964f9a1f2d2d2859c91c5d571fb60f7f09d4c4e092c9b7a94e671
https://conda.anaconda.org/conda-forge/noarch/cloudpickle-3.1.2-pyhcf101f3_1.conda#4c287c2721d8a34c94928be8fe0e9a85754e90189dd4384a31b1806856b50a67
https://conda.anaconda.org/conda-forge/osx-arm64/contourpy-1.3.3-py311h7d85929_4.conda#57b2c28cbb45e7dacb565541483d802a15c6beff5ccdabba19784a526191f4d3
https://conda.anaconda.org/conda-forge/noarch/cycler-0.12.1-pyhcf101f3_2.conda#bb47aec5338695ff8efbddbc669064a3b10fe34ad881fb8ad5d64fbfa6910ed1
https://conda.anaconda.org/conda-forge/osx-arm64/cyrus-sasl-2.1.28-ha1cbb27_0.conda#7de03254fa5421e7ec2347c830a59530fb5356022ee0dc26ec1cef0be1de0911
https://conda.anaconda.org/conda-forge/noarch/dataclassy-1.0.1-pyhd8ed1ab_0.conda#c536392f4e464dc3d845d69293b58c3e399785c8e7b6041dc104e16be33e394a
https://conda.anaconda.org/conda-forge/osx-arm64/dav1d-1.2.1-hb547adb_0.conda#93e077b880a85baec8227e8c72199220c7f87849ad32d02c14fb3807368260b8
https://conda.anaconda.org/conda-forge/osx-arm64/dbus-1.16.2-hf049998_2.conda#60e265d5ac83198f1d13a43ab5cd2de097b10b460a5ad0764ed62af875b4ecdc
https://conda.anaconda.org/conda-forge/noarch/decorator-5.3.1-pyhd8ed1ab_0.conda#430bd9d731b265f0bedb3183ac3ecfaa1656390c092b6e864ff8cc1229843c8c
https://conda.anaconda.org/conda-forge/osx-arm64/epoxy-1.5.10-hc919400_2.conda#ba685b87529c95a4bf9de140a33d703d57dc46b036e9586ed26890de65c1c0d5
https://conda.anaconda.org/conda-forge/osx-arm64/ffmpeg-8.0.1-gpl_h1511fcb_108.conda#a633e59b31a0afe6eaf88894a39622f62c68ec93324b4cf74f0c1795a962c67d
https://conda.anaconda.org/conda-forge/noarch/font-ttf-dejavu-sans-mono-2.37-hab24e00_0.tar.bz2#58d7f40d2940dd0a8aa28651239adbf5613254df0f75789919c4e6762054403b
https://conda.anaconda.org/conda-forge/noarch/font-ttf-inconsolata-3.000-h77eed37_0.tar.bz2#c52a29fdac682c20d252facc50f01e7c2e7ceac52aa9817aaf0bb83f7559ec5c
https://conda.anaconda.org/conda-forge/noarch/font-ttf-source-code-pro-2.038-h77eed37_0.tar.bz2#00925c8c055a2275614b4d983e1df637245e19058d79fc7dd1a93b8d9fb4b139
https://conda.anaconda.org/conda-forge/noarch/font-ttf-ubuntu-0.83-h77eed37_3.conda#2821ec1dc454bd8b9a31d0ed22a7ce22422c0aef163c59f49dfdf915d0f0ca14
https://conda.anaconda.org/conda-forge/osx-arm64/fontconfig-2.18.3-h81aa574_1.conda#004570d35fb0eff73ce3ae49b209a47622d0c2e580dd0dc4c61d59626b386a09
https://conda.anaconda.org/conda-forge/noarch/fonts-conda-ecosystem-1-0.tar.bz2#a997f2f1921bb9c9d76e6fa2f6b408b7fa549edd349a77639c9fe7a23ea93e61
https://conda.anaconda.org/conda-forge/noarch/fonts-conda-forge-1-hc364b38_1.conda#54eea8469786bc2291cc40bca5f46438d3e062a399e8f53f013b6a9f50e98333
https://conda.anaconda.org/conda-forge/osx-arm64/fonttools-4.63.0-py311hc290fe0_0.conda#e339446253b5aec4342526334cb2575a20beaf15478469d9baa3c5a11c7aa498
https://conda.anaconda.org/conda-forge/osx-arm64/freetype-2.14.3-hce30654_2.conda#90681f1d0658cb2fd49a074f644eb4774272499290487a4bebb1c4df01d6997b
https://conda.anaconda.org/conda-forge/osx-arm64/fribidi-1.0.16-h84a0fba_1.conda#6dd18694340b84290bb1906cc1359502b974aada6a8476cfe6dec3ce0e860af8
https://conda.anaconda.org/conda-forge/osx-arm64/gdk-pixbuf-2.44.8-h5867e2c_1.conda#be81ea838bdf900e3e702e567a1d3b03d334b3976d92233071852c61222be2b2
https://conda.anaconda.org/conda-forge/osx-arm64/glib-tools-2.88.3-h026c20a_2.conda#20b9cb0c314a02e0940d2695ed5ed206e271b202f3935bc93b8c5a8529853cc4
https://conda.anaconda.org/conda-forge/osx-arm64/glslang-16.5.0-h1a33c25_2.conda#c161660cc0a1bd3808365081624babe07fd8104ec67441f3a21d75ab45fe7118
https://conda.anaconda.org/conda-forge/osx-arm64/gmp-6.3.0-hf5e55b1_3.conda#980cb1bbc3656d6f923d44297a2c4ab75f20482b8930c70537fd7f1ef2378894
https://conda.anaconda.org/conda-forge/osx-arm64/graphite2-1.3.15-h784d473_1.conda#471f34a187fdb4f2df33e26f2e471b16c239a5b277903f643d9c3a8c9a9f44ec
https://conda.anaconda.org/conda-forge/osx-arm64/graphviz-14.1.2-hec8c438_0.conda#755c72d469330265f80a615912a3b522aef6f26cbc52763862b6a3c492fbf97c
https://conda.anaconda.org/conda-forge/osx-arm64/greenlet-3.5.5-py311h8948835_0.conda#5db632e2940ca89972113960856a720afd653ca5270f4dc62c3c29ed288a5ef3
https://conda.anaconda.org/conda-forge/osx-arm64/gtk3-3.24.43-h5febe37_6.conda#bd66a3325bf3ce63ada3bf12eaafcfe036698741ee4bb595e83e5fdd3dba9f3d
https://conda.anaconda.org/conda-forge/osx-arm64/gts-0.7.6-he42f4ea_4.conda#e0f8c7bc1b9ea62ded78ffa848e37771eeaaaf55b3146580513c7266862043ba
https://conda.anaconda.org/conda-forge/noarch/h2-4.4.1-pyhcf101f3_0.conda#307dd6ec90140c3cf4171071b0e5e870abec314f4565c1edd5bc433e942cdcc0
https://conda.anaconda.org/conda-forge/osx-arm64/harfbuzz-12.2.0-haf38c7b_0.conda#2f8d95fe1cb655fe3bac114062963f08cc77b31b042027ef7a04ebde3ce21594
https://conda.anaconda.org/conda-forge/osx-arm64/hdbscan-0.8.39-py311h09efe57_1.conda#5766a70c39a945bf78f8dd49d3887d98ceeefe3fef53fd0a826e8946c2ab7751
https://conda.anaconda.org/conda-forge/osx-arm64/hicolor-icon-theme-0.17-hce30654_3.conda#46a4958f2f916c5938f2a6dc0709f78b175ece42f601d79a04e0276d55d25d07
https://conda.anaconda.org/conda-forge/noarch/hpack-4.2.0-pyhd8ed1ab_0.conda#fdcea5d7cb314485d3907192ef024c704311548c5b0cbeb390cd1951051e29d2
https://conda.anaconda.org/conda-forge/noarch/hyperframe-6.1.0-pyhd8ed1ab_0.conda#77af6f5fe8b62ca07d09ac60127a30d9069fdc3c68d6b256754d0ffb1f7779f8
https://conda.anaconda.org/conda-forge/osx-arm64/icu-75.1-hfee45f7_0.conda#9ba12c93406f3df5ab0a43db8a4b4ef67a5871dfd401010fbe29b218b2cbe620
https://conda.anaconda.org/conda-forge/noarch/idna-3.19-pyhcf101f3_0.conda#1c35a59c1545ad0fdaddf1fbde7bcfa6ef41a8d68c3a2b0b4a291be00676163e
https://conda.anaconda.org/conda-forge/noarch/joblib-1.4.2-pyhd8ed1ab_1.conda#51cc2dc491668af0c4d9299b0ab750f16ccf413ec5e2391b924108c1fbacae9b
https://conda.anaconda.org/conda-forge/osx-arm64/kaldi-5.5.1112-cpu_h175306b_7.conda#7a6803e3c995cbd5018521c191a19e9732511bae6d7b42bb068f91d90a191ae7
https://conda.anaconda.org/conda-forge/osx-arm64/kalpy-0.6.5-cpu_py311hdcf3481_1.conda#6ed14631331cbb13c1c2df51b80a67566702d5a2cbc36ad7f5786b8404fabe54
https://conda.anaconda.org/conda-forge/osx-arm64/kiwisolver-1.5.1-py311h96e19ba_0.conda#e1640087f7fa808a4c2bd29a7976a0a872cef27638edcaa192a4a5bc91d807ac
https://conda.anaconda.org/conda-forge/noarch/kneed-0.8.6-pyhd8ed1ab_0.conda#2f420a8c4b37152e5db779550f004d32e29720cb1118bf29aeaeac0afd9f2b81
https://conda.anaconda.org/conda-forge/osx-arm64/krb5-1.21.3-h237132a_0.conda#4442f957c3c77d69d9da3521268cad5d54c9033f1a73f99cde0a3658937b159b
https://conda.anaconda.org/conda-forge/osx-arm64/lame-3.100-h1a8c8d9_1003.tar.bz2#f40ce7324b2cf5338b766d4cdb8e0453e4156a4f83c2f31bbfff750785de304c
https://conda.anaconda.org/conda-forge/noarch/lazy-loader-0.5-pyhd8ed1ab_0.conda#1a88069ac61d2756ccaf26a6c206ab4d56610fb054bd2fffb5df4cd0744ab78e
https://conda.anaconda.org/conda-forge/noarch/lazy_loader-0.5-pyhd8ed1ab_0.conda#42adb08ded0662114a3146627b24d2cd5eba3bfc3ed424374bac869cdc1745a9
https://conda.anaconda.org/conda-forge/osx-arm64/lcms2-2.19.1-hce41798_2.conda#ee92e3ee789881b08a95d254d4dbb54186d31089743eac9bb34df45b33e5b3a2
https://conda.anaconda.org/conda-forge/osx-arm64/lerc-4.2.0-h1eee2c3_0.conda#c97aa17d16d2ac332ba9f184e82ce8f72dcb10e9a10c5f299030be2d44e191b9
https://conda.anaconda.org/conda-forge/osx-arm64/libabseil-20260107.1-cxx17_h2062a1b_0.conda#756611fbb8d2957a5b4635d9772bd8432cb6ddac05580a6284cca6fdc9b07fca
https://conda.anaconda.org/conda-forge/osx-arm64/libass-0.17.4-hcbd7ca7_0.conda#079f5fdf7aace970a0db91cd2cc493c754dfdc4520d422ecec43d2561021167a
https://conda.anaconda.org/conda-forge/osx-arm64/libblas-3.11.0-10_h51639a9_openblas.conda#e5a6dd4210286ae61f868cf70f297e851856b8512776f4efac4e50dba0d57457
https://conda.anaconda.org/conda-forge/osx-arm64/libbrotlicommon-1.2.0-h1dcdb26_3.conda#5e62b856b2e77ce98db44133bacab1281b42c1040dcbd69dbacfb80890cff5b0
https://conda.anaconda.org/conda-forge/osx-arm64/libbrotlidec-1.2.0-h5295a6a_3.conda#510c9fce0d9ffcf41741dd96fc05db381672109d5665ef002c2e58f0d4ca0118
https://conda.anaconda.org/conda-forge/osx-arm64/libbrotlienc-1.2.0-h2ddc9cb_3.conda#eac412417eee2e93c62e9d53559f1f9c14f40b6c41e2c432af8b517596898dd1
https://conda.anaconda.org/conda-forge/osx-arm64/libcblas-3.11.0-10_hb0561ab_openblas.conda#d4d786f18344c6e4a3fddd1ea19e014fa5f7bd33d11f6255b147a79dd00f9327
https://conda.anaconda.org/conda-forge/osx-arm64/libcxx-23.1.0-h55c6f16_0.conda#d3e5f0b767964af25ef81edffc002f8e822b1a5c55330da1ae3a857f70c4e4ee
https://conda.anaconda.org/conda-forge/osx-arm64/libdeflate-1.25-he7e0567_1.conda#d896f4aa4ce4c590c2838678cb1917356fdb461d2a189991c0280c818c362172
https://conda.anaconda.org/conda-forge/osx-arm64/libedit-3.1.20250104-pl5321h26f1114_1.conda#257c926f19e32bdb981fc674c76966049b6fc73f706bae58e9fed8757ad1da70
https://conda.anaconda.org/conda-forge/osx-arm64/libexpat-2.8.1-hf6b4638_1.conda#5af74261101e3c777399c6294b2b5d290e508153268eb2e9ff99c4d69834612f
https://conda.anaconda.org/conda-forge/osx-arm64/libffi-3.7.0-h47dc5ef_1.conda#2783389a7b9dda04c62cc54c6bbeb03dd3cef24b3fc642715d02a3fa19464a9a
https://conda.anaconda.org/conda-forge/osx-arm64/libflac-1.5.0-h6824b09_1.conda#565e5c38e80eb5752bfa52f6b771fa2fd75c0551a1f61ea84a12a2fb4454900c
https://conda.anaconda.org/conda-forge/osx-arm64/libfreetype-2.14.3-hce30654_2.conda#19ce8bd320414cb6b9889ecbf48a3ded848b0d1068b76ff6bea099bd7387d6f3
https://conda.anaconda.org/conda-forge/osx-arm64/libfreetype6-2.14.3-h2ed5691_2.conda#d9b203d6484ad491b5b5f33d49a9d7a91189d776a9adae53d2b63af18ec11e6a
https://conda.anaconda.org/conda-forge/osx-arm64/libgcc-16.2.0-h3cf6597_4.conda#00b8d07ea98344c72c6e332a09b8060f4176849d5fd0eb78dd5b30176ad97ca4
https://conda.anaconda.org/conda-forge/osx-arm64/libgd-2.3.3-hb2c3a21_11.conda#be038eb8dfe296509aee2df21184c72cb76285b0340448525664bc396aa6146d
https://conda.anaconda.org/conda-forge/osx-arm64/libgfortran-16.2.0-h07b0088_4.conda#7582efbbffc6964093afd80e01c2ac60d89aa4e404cac664544675b9d4d1c5e7
https://conda.anaconda.org/conda-forge/osx-arm64/libgfortran5-16.2.0-hdb7a957_4.conda#902719c38c7a390d305435a362dc83893754c3f933569a38347c434cd1c12540
https://conda.anaconda.org/conda-forge/osx-arm64/libglib-2.88.3-h89cd0c0_2.conda#9c25def7c7f9ab98b265690c80012e917d080538875f9679b46ccd0c042e6201
https://conda.anaconda.org/conda-forge/osx-arm64/libhwloc-2.13.0-default_ha97f43a_1000.conda#d47c3c030671d196ff1cdd343e93eb2ae0d7b665cb79f8164cc91488796db437
https://conda.anaconda.org/conda-forge/osx-arm64/libiconv-1.18-he4c29f2_3.conda#689a14968267f2f97c07112fca5636e7d756036b9aee969911267c20bd3eea1f
https://conda.anaconda.org/conda-forge/osx-arm64/libintl-0.25.1-h493aca8_0.conda#99d2cebcd8f84961b86784451b010f5f0a795ed1c08f1e7c76fbb3c22abf021a
https://conda.anaconda.org/conda-forge/osx-arm64/libjpeg-turbo-3.2.0-h84a0fba_1.conda#05006418f9392c9b723e8428808db106de0350a497832f95f921b85ff1072310
https://conda.anaconda.org/conda-forge/osx-arm64/liblapack-3.11.0-10_hd9741b5_openblas.conda#09551a3022c0f8151dab85f8b89dc151a635f672c177364139c7bd019459a2b8
https://conda.anaconda.org/conda-forge/osx-arm64/liblapacke-3.11.0-10_h1b118fd_openblas.conda#4e0c5e615a343d9b21801f026f2faa855dd8696e894e9bd6773c1b5b604ff769
https://conda.anaconda.org/conda-forge/osx-arm64/liblzma-5.8.3-h8088a28_1.conda#23d0630046a3e8b164d8f80f2b74ed2605af2e7050ab9913018056402fae4311
https://conda.anaconda.org/conda-forge/osx-arm64/liblzma-devel-5.8.3-h8088a28_1.conda#dc1b1369813f946ac40207222f439f40f6c4c9b5eac6746f61676d819b247282
https://conda.anaconda.org/conda-forge/osx-arm64/libntlm-1.8-h5505292_0.conda#ea8c680924d957e12270dca549620327d5e986f23c4bd5f45627167ca6ef7a3b
https://conda.anaconda.org/conda-forge/osx-arm64/libogg-1.3.5-h48c0fde_1.conda#28bd1fe20fe43da105da41b95ac201e95a1616126f287985df8e86ddebd1c3d8
https://conda.anaconda.org/conda-forge/osx-arm64/libopenblas-0.3.34-openmp_h4f80526_1.conda#45bda47a2fd2e3936cd6da2756f57a5b22af445a6da6cc37a753bd96949721e7
https://conda.anaconda.org/conda-forge/osx-arm64/libopenvino-2025.4.1-h3e6d54f_2.conda#16a495100d7e2e1245b7aa2d2f782460f9241435b4506ec4403cc4990aa67c5d
https://conda.anaconda.org/conda-forge/osx-arm64/libopenvino-arm-cpu-plugin-2025.4.1-h3e6d54f_2.conda#f34f7f44ffc54c1630672b88dae5e04ba1bf0e70773b81c980dc78b6dce9a02a
https://conda.anaconda.org/conda-forge/osx-arm64/libopenvino-auto-batch-plugin-2025.4.1-h2406d2e_2.conda#06797835855161d30af38f870a55a752de66f59f19833f1640a230296c437fc7
https://conda.anaconda.org/conda-forge/osx-arm64/libopenvino-auto-plugin-2025.4.1-h2406d2e_2.conda#afde278ea91436d578c67752404071ce6ff41b8ccd7a4d0972f9f7da49258390
https://conda.anaconda.org/conda-forge/osx-arm64/libopenvino-hetero-plugin-2025.4.1-h85cbfa6_2.conda#69d9252358ae9897fbfc83d732d8bbf2db7bdfdb84e4fcf3a3521379a8804053
https://conda.anaconda.org/conda-forge/osx-arm64/libopenvino-ir-frontend-2025.4.1-h85cbfa6_2.conda#b42660168c3543c05cd0000def0888553c4cce1cd0d821b4bcde23cb56674016
https://conda.anaconda.org/conda-forge/osx-arm64/libopenvino-onnx-frontend-2025.4.1-h41365f2_2.conda#582eee5d0e704e75e4472d67745525ba5d14e537d31e81ffda54269c1ddf8eae
https://conda.anaconda.org/conda-forge/osx-arm64/libopenvino-paddle-frontend-2025.4.1-h41365f2_2.conda#117d53a4af9b2f4fee4ec82f80f89ff9b94f16684bc32b9450d8509c5bfc3c78
https://conda.anaconda.org/conda-forge/osx-arm64/libopenvino-pytorch-frontend-2025.4.1-hf6b4638_2.conda#8d1693fc87efa1d03d5f471229cec2515c6bce782762ca60e4a048b16e401a92
https://conda.anaconda.org/conda-forge/osx-arm64/libopenvino-tensorflow-frontend-2025.4.1-hc295da0_2.conda#1df27d6e06721f13a2c98d4ef24cd0636d127a7fff339feb44c486d10a4f9bf6
https://conda.anaconda.org/conda-forge/osx-arm64/libopenvino-tensorflow-lite-frontend-2025.4.1-hf6b4638_2.conda#e024f071e1212670f2690ae037b5ee6133332d38825de57a4e704da2eed1ffe1
https://conda.anaconda.org/conda-forge/osx-arm64/libopus-1.6.1-h74c22ad_1.conda#f5fd2e1b1fec6da5d9218177b7d989af15f5aa14a84a1b1491dc3572e2457f1f
https://conda.anaconda.org/conda-forge/osx-arm64/libpng-1.6.58-hf5e6511_1.conda#f88da60b348ee1f3e1a9c20fe02142fdafe889f08da0b1cc33c1f3f14460239d
https://conda.anaconda.org/conda-forge/osx-arm64/libpq-18.1-h944245b_2.conda#69373dee28ad3a5baeaf96ad1d62ea3580e54405d6aca07409f1f9fa18bb6885
https://conda.anaconda.org/conda-forge/osx-arm64/libprotobuf-6.33.5-hb82ec63_2.conda#619d06e4cd3f2501c7cfce3b64739726609da79cc000f66090b753a6f4ed472c
https://conda.anaconda.org/conda-forge/noarch/librosa-0.11.0-pyhd8ed1ab_0.conda#e791136e2254d73fb0c9624823eaf78778415e15c26e3950916c502141871c38
https://conda.anaconda.org/conda-forge/osx-arm64/librsvg-2.60.0-h9001022_1.conda#9ba1531b46c75313736e2ef8ba1a4d3ef7d3ffd22efe8d593bfa99da7143a1cb
https://conda.anaconda.org/conda-forge/osx-arm64/libsndfile-1.2.2-hf95f74e_2.conda#f549aafe57439ca7c362884968f24fcc35a26e4e1eb66bb6985aa9e553c25521
https://conda.anaconda.org/conda-forge/osx-arm64/libsqlite-3.53.4-h34a968b_1.conda#3fbd885062e6e8de5118515a8b801ecaf3c49ff30a940fe80c2f71c2b82f0db7
https://conda.anaconda.org/conda-forge/osx-arm64/libtiff-4.7.2-hf67920b_1.conda#847d22a86ae28f66d3888702698254d25bb4eac3a0f64c1fabfb1842ac00be4c
https://conda.anaconda.org/conda-forge/osx-arm64/libusb-1.0.29-hbc156a2_0.conda#5eee9a2bf359e474d4548874bcfc8d29ebad0d9ba015314439c256904e40aaad
https://conda.anaconda.org/conda-forge/osx-arm64/libvorbis-1.3.7-h81086ad_2.conda#95768e4eceaffb973081fd986d03da15d93aa10609ed202e6fd5ca1e490a3dce
https://conda.anaconda.org/conda-forge/osx-arm64/libvpx-1.15.2-h484c67d_1.conda#814a2b8ab49c06e259c127ac1b735484b126c6a561a4aacc2c81c81b8a095b71
https://conda.anaconda.org/conda-forge/osx-arm64/libvulkan-loader-1.4.357.0-hfbe1efa_2.conda#aaf22c7f0bbd2bac3a070a49e03c0c4baedf16ce22ad80ca697a7c15422c5de8
https://conda.anaconda.org/conda-forge/osx-arm64/libwebp-base-1.6.0-h202fb40_1.conda#0ff54650d470c7e54cbeffdd53a8c063e055a7bcf784388c0385ce5c4741b0f4
https://conda.anaconda.org/conda-forge/osx-arm64/libxcb-1.17.0-hbffa61f_2.conda#f55c15b66c8ae27d8e30445193acc049b280eb51a47d6f1753bed5ac2937a217
https://conda.anaconda.org/conda-forge/osx-arm64/libxml2-2.15.1-h9329255_0.conda#c409e384ddf5976a42959265100d6b2c652017d250171eb10bae47ef8166193f
https://conda.anaconda.org/conda-forge/osx-arm64/libxml2-16-2.15.1-h0ff4647_0.conda#ebe2dd9da94280ad43da936efa7127d329b559f510670772debc87602b49b06d
https://conda.anaconda.org/conda-forge/osx-arm64/libxslt-1.1.43-hb2570ba_1.conda#7a4d0676ab1407fecb24d4ada7fe31a98c8889f61f04612ea533599c22b8c472
https://conda.anaconda.org/conda-forge/osx-arm64/libzlib-1.3.2-h8088a28_3.conda#a18fa5d5bac452401459f966cf0d872224e8080c4ff93c77e168d43ab42ef9d7
https://conda.anaconda.org/conda-forge/osx-arm64/llvm-openmp-23.1.0-hdb3d66b_0.conda#996d3a9de61c8ccc3fcb265938f9845f11868251f38e6db4e7190de3f9a971a2
https://conda.anaconda.org/conda-forge/osx-arm64/llvmlite-0.49.0-py311h4a78e08_2.conda#42f645cb34752835a9e9a39da5f383c5d5341727f37f3d96741ac035cc94d164
https://conda.anaconda.org/conda-forge/osx-arm64/lz4-c-1.10.0-hdca3b7d_2.conda#1887867b393eb3c2b336deaffcf228574821ea1e0dcb9ef7bf6c9f59cec40f03
https://conda.anaconda.org/conda-forge/osx-arm64/mad-0.15.1b-hbdafb3b_1.tar.bz2#87d111b866f8f45bdccd8da9085f5047a08e0cd7c30f4bfc9c60200d9c3fbd33
https://conda.anaconda.org/conda-forge/noarch/markdown-it-py-4.2.0-pyhd8ed1ab_0.conda#0c4c35376fe920714390d46e4b8d31c876d65f18e1655899e0763ec25f2a902f
https://conda.anaconda.org/conda-forge/osx-arm64/matplotlib-base-3.10.9-py311h68bafec_0.conda#5d005eec8908fd10a6a2cf9aa157e96b4544b8705ba4136339c7bc750296d40d
https://conda.anaconda.org/conda-forge/noarch/mdurl-0.1.2-pyhd8ed1ab_1.conda#78c1bbe1723449c52b7a9df1af2ee5f005209f67e40b6e1d3c7619127c43b1c7
https://conda.anaconda.org/conda-forge/noarch/montreal-forced-aligner-3.1.3-pyhd8ed1ab_1.conda#484b5abb6f2b50f56f892c2645bd40a6406c003c3dfdcdbb176c8e8592a6d023
https://conda.anaconda.org/conda-forge/osx-arm64/mpg123-1.32.9-hbb31fce_0.conda#23e5c9add064a08b2b6661929abc8349d00e4004e54775e5b16fd25db3f1a0df
https://conda.anaconda.org/conda-forge/osx-arm64/msgpack-python-1.2.2-py311h2f25576_1.conda#88cb5529c3fd0994de0f770a3a44b4854ae42e0dda06a78400458dccb05f4c67
https://conda.anaconda.org/conda-forge/noarch/munkres-1.1.4-pyhd8ed1ab_1.conda#d09c47c2cf456de5c09fa66d2c3c5035aa1fa228a1983a433c47b876aa16ce90
https://conda.anaconda.org/conda-forge/osx-arm64/ncurses-6.6-he64c551_1.conda#7024a48c8c0d0114ed4ab53c76bf9275d50e91ba7cea367a9aead638d3c29c68
https://conda.anaconda.org/conda-forge/osx-arm64/ngram-1.3.16-h420ef59_1.conda#ad66a306c5c48157b7d2ff2d57d798e1ae1b57b8cb6269be3912e8d2a03826aa
https://conda.anaconda.org/conda-forge/osx-arm64/numba-0.67.0-py311hf682900_1.conda#fd613c23e421aa4b8700308951c90b7c4f5f3b78f85025e0c3af9366fdf5c4b0
https://conda.anaconda.org/conda-forge/osx-arm64/numpy-1.26.4-py311h7125741_0.conda#160a52a01fea44fe9753a2ed22cf13d7b55c8a89ea0b8738546fdbf4795d6514
https://conda.anaconda.org/conda-forge/osx-arm64/openfst-1.8.3-h950e60b_3.conda#65b2104a68123b117e361482d71a39feb3e3f298a43d6a208066446b8f7eea25
https://conda.anaconda.org/conda-forge/osx-arm64/openh264-2.6.0-hf8510ef_2.conda#abbf05ef3f338eb70623400c6ecf3318fe3a71fbf56b1099d7b3fddd13a0a0aa
https://conda.anaconda.org/conda-forge/osx-arm64/openjpeg-2.5.4-hd651e26_1.conda#aba0e038e43067c967b0a15b1968537c691dd2430be368a5c02b784e9f4d624c
https://conda.anaconda.org/conda-forge/osx-arm64/openldap-2.6.10-hbe55e7a_0.conda#08d859836b81296c16f74336c3a9a455b23d57ce1d7c2b0b3e1b7a07f984c677
https://conda.anaconda.org/conda-forge/osx-arm64/openssl-3.6.4-h55eecbc_0.conda#f23239eacd75c4c50705e68fae1aa3292da473e6a3a4abe2330f1e6afa680704
https://conda.anaconda.org/conda-forge/noarch/packaging-26.3-pyhc364b38_0.conda#c432626b16768b8dab228bfb706f7060c2d462a21c516d240f68f2f902b5a044
https://conda.anaconda.org/conda-forge/osx-arm64/pango-1.56.4-h875632e_0.conda#705484ad60adee86cab1aad3d2d8def03a699ece438c864e8ac995f6f66401a6
https://conda.anaconda.org/conda-forge/osx-arm64/pcre2-10.47-he63d830_1.conda#f8c415329b542e1fca1ff2917b80e687c18302dfa0353530668b90cb225b494f
https://conda.anaconda.org/conda-forge/osx-arm64/pgvector-0.8.1-h54c28d7_1.conda#a6af8d0176b9218e72d789a8e7927ab84de6a777445aff752347c5b68ffa7f02
https://conda.anaconda.org/conda-forge/noarch/pgvector-python-0.5.0-pyhcf101f3_0.conda#bea5efe4909a092715e171d2dc571010c21055e6c59bb8dc814673924b13a512
https://conda.anaconda.org/conda-forge/osx-arm64/pillow-12.3.0-py311h5184979_1.conda#9c16fdf9695a29470bbf51d5c66a724e049c4fbb3af4ce3e2da45242892ccfb9
https://conda.anaconda.org/conda-forge/noarch/pip-26.2.1-pyh8b19718_0.conda#c205bae42eb11b364fe3663a817cbcbc20a8ef544c6b2ff6f391013487117259
https://conda.anaconda.org/conda-forge/osx-arm64/pixman-0.46.4-h784d473_3.conda#4779cd57231ce2e96fac643fcbdd4a6f51a57986264545445574e9c4acf526d3
https://conda.anaconda.org/conda-forge/noarch/platformdirs-4.11.6-pyh5ded981_0.conda#8fe66c78f015fecfe096e4ff78a2626c4d926cde9b6951cf3b8e1ff0aaeb0a6c
https://conda.anaconda.org/conda-forge/noarch/pooch-1.9.0-pyhd8ed1ab_0.conda#081e52c4612830bf1fd4a9c78eebaf335d1385d74ddfd328b1b2f26b983848eb
https://conda.anaconda.org/conda-forge/osx-arm64/postgresql-18.1-h52279e3_2.conda#a2f2ed59933d22bd773bd8a77fea475160014da020a7c53d19d7a291d184a5e5
https://conda.anaconda.org/conda-forge/noarch/praatio-6.0.0-pyhd8ed1ab_0.conda#7c83e0bb53510e7134f4bf457fb52deaa565dc8b88e52a8275656c722849737c
https://conda.anaconda.org/conda-forge/osx-arm64/psycopg2-2.9.11-py311hda1d16c_0.conda#117b439de682682f2c0a207c6c7104d809f0e721863868d148eb54cfcc5f5ea8
https://conda.anaconda.org/conda-forge/osx-arm64/pthread-stubs-0.4-h84a0fba_1003.conda#1c2338b9b0486af86883b9593d2f3e2845bbf216ea453dfe5d9a228e8dbe4057
https://conda.anaconda.org/conda-forge/osx-arm64/pugixml-1.15-hd3d436d_0.conda#5ad8d036040b095f85d23c70624d3e5e1e4c00bc5cea97831542f2dcae294ec9
https://conda.anaconda.org/conda-forge/noarch/pycparser-3.0-pyhcf101f3_0.conda#e27e0473fc6723311a0bd48b89b616fa1b996a2f7a2b555338cbbcfb9c640568
https://conda.anaconda.org/conda-forge/noarch/pygments-2.21.0-pyhcf101f3_0.conda#f5f015ff1bc3e1b7fc08eee096b1865234189ae0b82bebdb86a5369116e42fa0
https://conda.anaconda.org/conda-forge/osx-arm64/pynini-2.1.6-py311hcc98501_0.conda#61eea97e1eb010aea5686bad127112812eed4bd49c8af86a15fc3bdedea6cc6c
https://conda.anaconda.org/conda-forge/noarch/pyparsing-3.3.2-pyhcf101f3_0.conda#417fba4783e528ee732afa82999300859b065dc59927344b4859c64aae7182de
https://conda.anaconda.org/conda-forge/noarch/pysocks-1.7.1-pyha55dd90_7.conda#ba3b032fa52709ce0d9fd388f63d330a026754587a2f461117cac9ab73d8d0d8
https://conda.anaconda.org/conda-forge/noarch/pysoundfile-0.14.0-pyhcf101f3_0.conda#420c7af7e30a818851fbe94e25d063285de44a17c671b4e88deac71fa19fe0e8
https://conda.anaconda.org/conda-forge/osx-arm64/python-3.11.16-hd1323d7_1_cpython.conda#60b3b3d1f6e82c58c087363adb4137b167c31baa7a65bee7724445266b769726
https://conda.anaconda.org/conda-forge/noarch/python-dateutil-2.9.0.post0-pyhe01879c_2.conda#d6a17ece93bbd5139e02d2bd7dbfa80bee1a4261dced63f65f679121686bf664
https://conda.anaconda.org/conda-forge/noarch/python_abi-3.11-9_cp311.conda#bcfbad269758f4617035314fe379ee655bc2d9db5282e7a00d61450b7cefa3cf
https://conda.anaconda.org/conda-forge/osx-arm64/pyyaml-6.0.3-py311hc290fe0_1.conda#984e73d7957460689e10533059de8adb38a308853d298900a37acc58edd84cec
https://conda.anaconda.org/conda-forge/osx-arm64/qhull-2020.2-h420ef59_5.conda#873ac689484262a51fd79bc6103c1a1bedbf524924d7f0088fb80703042805e4
https://conda.anaconda.org/conda-forge/osx-arm64/readline-8.3-h8b90a29_1.conda#d6782b430e6dce4fe8c7ac118cd988d5a193eb4a7f60741edfaede58016b6110
https://conda.anaconda.org/conda-forge/noarch/requests-2.34.2-pyhcf101f3_0.conda#1715246b19c9f85ee022933b4845f2fc14ac9184981b7b7d9b728bec8e9588da
https://conda.anaconda.org/conda-forge/noarch/rich-15.0.0-pyhcf101f3_0.conda#3d6ba2c0fcdac3196ba2f0615b4104e532525ffa1335b50a2878be5ff488814a
https://conda.anaconda.org/conda-forge/noarch/rich-click-1.9.8-pyh8f84b5b_0.conda#771b335400554d812dcdf7e40e54e47247db1f96ca0ab4413d061e6960844d9c
https://conda.anaconda.org/conda-forge/osx-arm64/scikit-learn-1.2.2-py311hf0b18b8_2.conda#4d6a02ed8a63577714d724b57c7fee1739891dca097bdd93820597526e7b024a
https://conda.anaconda.org/conda-forge/osx-arm64/scipy-1.17.1-py311h9a58382_1.conda#b45f87414da242a9e40eb934e89513a856e6236d681611c2c9a21d074b03ef5a
https://conda.anaconda.org/conda-forge/osx-arm64/sdl2-2.32.56-h784d473_0.conda#595db3f62eec1b86aad03ad8c7e4943e78a18e112228c91adf3f3ada4e959a5c
https://conda.anaconda.org/conda-forge/osx-arm64/sdl3-3.4.14-h6fa9c73_0.conda#d8b6805b8b1011afcad6c857ddd9fd38335f32dcf369152a8ec0615518f6331a
https://conda.anaconda.org/conda-forge/noarch/setuptools-70.3.0-pyhd8ed1ab_0.conda#869ea7688c040911ac1050d5765fa1f3d8ea1858c9f9cecb0df136a2f5e44f46
https://conda.anaconda.org/conda-forge/osx-arm64/shaderc-2025.5-hf31e910_1.conda#d657df64dbf32c127ff788dc8b3b1017e9fd56ee5142690e2b0302f900437a4b
https://conda.anaconda.org/conda-forge/noarch/six-1.17.0-pyhe01879c_1.conda#458227f759d5e3fcec5d9b7acce54e10c9e1f4f4b7ec978f3bfd54ce4ee9853d
https://conda.anaconda.org/conda-forge/osx-arm64/snappy-1.2.2-hada39a4_1.conda#cb9305ede19584115f43baecdf09a3866bfcd5bcca0d9e527bd76d9a1dbe2d8d
https://conda.anaconda.org/conda-forge/osx-arm64/sox-14.4.2-h6ac6df2_1021.conda#b14cd9b96f3af20bfbe94066fc16d64fca63dedb66e098fb61791e7bc2e32c28
https://conda.anaconda.org/conda-forge/osx-arm64/soxr-0.1.3-h5008568_3.conda#b3028eab2df50ebfbfbf7e21074d4862a8aa12867272ae363c0b415c6119ebe7
https://conda.anaconda.org/conda-forge/osx-arm64/soxr-python-1.1.0-py311h8325047_0.conda#3235e20ed62c98070ba032000ac347dbb37225c9cbb6ed14773fd68241860b7c
https://conda.anaconda.org/conda-forge/osx-arm64/spirv-tools-2026.3-hc0b298b_1.conda#962119a27ea90e229d8294dab4d21b221b630898a31cbc0c90cfb9f874e6c132
https://conda.anaconda.org/conda-forge/osx-arm64/sqlalchemy-2.0.52-py311hbea7f41_0.conda#ae00294e6ba3826e4fd65de41afbc2ce3c0ec3b1b7efef213f86127233b2f705
https://conda.anaconda.org/conda-forge/osx-arm64/sqlite-3.53.4-hdb6324b_1.conda#7ea31b7063fe292f5c7e543bc7d2c6077c33f608eabcdadf963e2335e50ab3e1
https://conda.anaconda.org/conda-forge/osx-arm64/standard-aifc-3.13.0-py311h267d04e_3.conda#7b0b356c2ee2e286d92ad4ce5495e57dfa2da8499abca0c91468ebb9b5ce97d0
https://conda.anaconda.org/conda-forge/osx-arm64/standard-sunau-3.13.0-py311h267d04e_3.conda#0da751646b319c5d7433d01eb3e8ba4b74a73274a887a02cd030068bf9c96f7c
https://conda.anaconda.org/conda-forge/osx-arm64/svt-av1-3.1.2-h12ba402_0.conda#3b0f4f2a6697f0cdbbe0c0b5f5c7fa8064483d58b4d9674d5babda7f7146af7a
https://conda.anaconda.org/conda-forge/osx-arm64/tbb-2023.0.0-he0260a5_2.conda#6f72a2984052444b9381020fa329b83dace95f335573dc21199f1b1d1a5f5473
https://conda.anaconda.org/conda-forge/noarch/threadpoolctl-3.6.0-pyhecae5ae_0.conda#6016672e0e72c4cf23c0cf7b1986283bd86a9c17e8d319212d78d8e9ae42fdfd
https://conda.anaconda.org/conda-forge/osx-arm64/tk-8.6.13-hbeba79b_4.conda#857d89087ae7f2c328cf256728affcb7343031a148b4af847334d248a9cf564c
https://conda.anaconda.org/conda-forge/noarch/tqdm-4.70.0-pyh8f84b5b_0.conda#a4d9e9da15b13f1ab047e7db412e2ed564bc615832e80213cf129b973c3abf4a
https://conda.anaconda.org/conda-forge/noarch/typing-extensions-4.16.0-h69aa097_0.conda#b141933ece3518f6d7b75dfb59451e2f26b405a44c18e2518a83e9a02e09315c
https://conda.anaconda.org/conda-forge/noarch/typing_extensions-4.16.0-pyhcf101f3_0.conda#2d888f90af0686044882c74193ec80a90ec1943145d94a7b1b048958acda1848
https://conda.anaconda.org/conda-forge/osx-arm64/tzcode-2026c-h1a92334_0.conda#fdfb259d47f3f4ef24f3b20709d60ef84366269c19fd83df4c31d67375c73705
https://conda.anaconda.org/conda-forge/noarch/tzdata-2026c-h151e31d_0.conda#b928c30ddcb0e3f544c6eade8352737e6e610e263276b90232db6a578ef899d8
https://conda.anaconda.org/conda-forge/osx-arm64/unicodedata2-17.0.1-py311hc949640_0.conda#984d3b0ddb0802c228c520db31d906b5b546b13da3eca1ce35c754d97c012497
https://conda.anaconda.org/conda-forge/noarch/urllib3-2.7.0-pyhd8ed1ab_0.conda#feff959a816f7988a0893201aa9727bbb7ee1e9cec2c4f0428269b489eb93fb4
https://conda.anaconda.org/conda-forge/noarch/wheel-0.48.0-pyhd8ed1ab_0.conda#ba64b29b6d418024cb565081a1799262cb2780d2534ff4c14f76aa858c4286cd
https://conda.anaconda.org/conda-forge/osx-arm64/x264-1%21164.3095-h57fd34a_2.tar.bz2#debdf60bbcfa6a60201b12a1d53f36736821db281a28223a09e0685edcce105a
https://conda.anaconda.org/conda-forge/osx-arm64/x265-3.5-hbc6ce65_3.tar.bz2#2fed6987dba7dee07bd9adc1a6f8e6c699efb851431bcb6ebad7de196e87841d
https://conda.anaconda.org/conda-forge/osx-arm64/xorg-libxau-1.0.12-h84a0fba_2.conda#5c5ea38ceec008e4ff40111fc166b04086fca310b0aa9e5bd46f65e6b0dcb71d
https://conda.anaconda.org/conda-forge/osx-arm64/xorg-libxdmcp-1.1.5-h84a0fba_2.conda#2f6915f0897ace4a1b5d66d0463079f7bc9819b0048c03677e47764f0a743499
https://conda.anaconda.org/conda-forge/osx-arm64/yaml-0.2.5-h74c22ad_3.conda#3e78c43207502418fc5fb2317bbbefe5df8b6fc1051d90bdcd1c881c76bb4193
https://conda.anaconda.org/conda-forge/osx-arm64/zlib-1.3.2-h8088a28_3.conda#ab46d85e4fcffff1b1c5cac517afa40b7ae784cf76fc9da1f55f6a6934291eb6
https://conda.anaconda.org/conda-forge/osx-arm64/zlib-ng-2.3.3-h31dac16_1.conda#489a29915a3e1b425cff4df10a448f55bbaaf29d777a0f8a9e381444e6a284f1
https://conda.anaconda.org/conda-forge/osx-arm64/zstd-1.5.7-hf451053_7.conda#da867f5092eb0cb746d353694f0098031fd9817a4ce7d5743121209ae0f406ca
